// !$*UTF8*$!
{
	archiveVersion = 1;
	classes = {
	};
	objectVersion = 46;
	objects = {

/* Begin PBXBuildFile section */
		A03C14BF1EC25179003418AE /* AppDelegate.swift in Sources */ = {isa = PBXBuildFile; fileRef = A03C14BE1EC25179003418AE /* AppDelegate.swift */; };
		A03C14C11EC25179003418AE /* ViewController.swift in Sources */ = {isa = PBXBuildFile; fileRef = A03C14C01EC25179003418AE /* ViewController.swift */; };
		A03C14C41EC25179003418AE /* Main.storyboard in Resources */ = {isa = PBXBuildFile; fileRef = A03C14C21EC25179003418AE /* Main.storyboard */; };
		A03C14C61EC25179003418AE /* Assets.xcassets in Resources */ = {isa = PBXBuildFile; fileRef = A03C14C51EC25179003418AE /* Assets.xcassets */; };
		A03C14C91EC25179003418AE /* LaunchScreen.storyboard in Resources */ = {isa = PBXBuildFile; fileRef = A03C14C71EC25179003418AE /* LaunchScreen.storyboard */; };
		A03C14D41EC25179003418AE /* Permanent_Data_StorageTests.swift in Sources */ = {isa = PBXBuildFile; fileRef = A03C14D31EC25179003418AE /* Permanent_Data_StorageTests.swift */; };
/* End PBXBuildFile section */

/* Begin PBXContainerItemProxy section */
		A03C14D01EC25179003418AE /* PBXContainerItemProxy */ = {
			isa = PBXContainerItemProxy;
			containerPortal = A03C14B31EC25179003418AE /* Project object */;
			proxyType = 1;
			remoteGlobalIDString = A03C14BA1EC25179003418AE;
			remoteInfo = "Permanent Data Storage";
		};
/* End PBXContainerItemProxy section */

/* Begin PBXFileReference section */
		A03C14BB1EC25179003418AE /* Permanent Data Storage.app */ = {isa = PBXFileReference; explicitFileType = wrapper.application; includeInIndex = 0; path = "Permanent Data Storage.app"; sourceTree = BUILT_PRODUCTS_DIR; };
		A03C14BE1EC25179003418AE /* AppDelegate.swift */ = {isa = PBXFileReference; lastKnownFileType = sourcecode.swift; path = AppDelegate.swift; sourceTree = "<group>"; };
		A03C14C01EC25179003418AE /* ViewController.swift */ = {isa = PBXFileReference; lastKnownFileType = sourcecode.swift; path = ViewController.swift; sourceTree = "<group>"; };
		A03C14C31EC25179003418AE /* Base */ = {isa = PBXFileReference; lastKnownFileType = file.storyboard; name = Base; path = Base.lproj/Main.storyboard; sourceTree = "<group>"; };
		A03C14C51EC25179003418AE /* Assets.xcassets */ = {isa = PBXFileReference; lastKnownFileType = folder.assetcatalog; path = Assets.xcassets; sourceTree = "<group>"; };
		A03C14C81EC25179003418AE /* Base */ = {isa = PBXFileReference; lastKnownFileType = file.storyboard; name = Base; path = Base.lproj/LaunchScreen.storyboard; sourceTree = "<group>"; };
		A03C14CA1EC25179003418AE /* Info.plist */ = {isa = PBXFileReference; lastKnownFileType = text.plist.xml; path = Info.plist; sourceTree = "<group>"; };
		A03C14CF1EC25179003418AE /* Permanent Data StorageTests.xctest */ = {isa = PBXFileReference; explicitFileType = wrapper.cfbundle; includeInIndex = 0; path = "Permanent Data StorageTests.xctest"; sourceTree = BUILT_PRODUCTS_DIR; };
		A03C14D31EC25179003418AE /* Permanent_Data_StorageTests.swift */ = {isa = PBXFileReference; lastKnownFileType = sourcecode.swift; path = Permanent_Data_StorageTests.swift; sourceTree = "<group>"; };
		A03C14D51EC25179003418AE /* Info.plist */ = {isa = PBXFileReference; lastKnownFileType = text.plist.xml; path = Info.plist; sourceTree = "<group>"; };
/* End PBXFileReference section */

/* Begin PBXFrameworksBuildPhase section */
		A03C14B81EC25179003418AE /* Frameworks */ = {
			isa = PBXFrameworksBuildPhase;
			buildActionMask = 2147483647;
			files = (
			);
			runOnlyForDeploymentPostprocessing = 0;
		};
		A03C14CC1EC25179003418AE /* Frameworks */ = {
			isa = PBXFrameworksBuildPhase;
			buildActionMask = 2147483647;
			files = (
			);
			runOnlyForDeploymentPostprocessing = 0;
		};
/* End PBXFrameworksBuildPhase section */

/* Begin PBXGroup section */
		A03C14B21EC25179003418AE = {
			isa = PBXGroup;
			children = (
				A03C14BD1EC25179003418AE /* Permanent Data Storage */,
				A03C14D21EC25179003418AE /* Permanent Data StorageTests */,
				A03C14BC1EC25179003418AE /* Products */,
			);
			sourceTree = "<group>";
		};
		A03C14BC1EC25179003418AE /* Products */ = {
			isa = PBXGroup;
			children = (
				A03C14BB1EC25179003418AE /* Permanent Data Storage.app */,
				A03C14CF1EC25179003418AE /* Permanent Data StorageTests.xctest */,
			);
			name = Products;
			sourceTree = "<group>";
		};
		A03C14BD1EC25179003418AE /* Permanent Data Storage */ = {
			isa = PBXGroup;
			children = (
				A03C14BE1EC25179003418AE /* AppDelegate.swift */,
				A03C14C01EC25179003418AE /* ViewController.swift */,
				A03C14C21EC25179003418AE /* Main.storyboard */,
				A03C14C51EC25179003418AE /* Assets.xcassets */,
				A03C14C71EC25179003418AE /* LaunchScreen.storyboard */,
				A03C14CA1EC25179003418AE /* Info.plist */,
			);
			path = "Permanent Data Storage";
			sourceTree = "<group>";
		};
		A03C14D21EC25179003418AE /* Permanent Data StorageTests */ = {
			isa = PBXGroup;
			children = (
				A03C14D31EC25179003418AE /* Permanent_Data_StorageTests.swift */,
				A03C14D51EC25179003418AE /* Info.plist */,
			);
			path = "Permanent Data StorageTests";
			sourceTree = "<group>";
		};
/* End PBXGroup section */

/* Begin PBXNativeTarget section */
		A03C14BA1EC25179003418AE /* Permanent Data Storage */ = {
			isa = PBXNativeTarget;
			buildConfigurationList = A03C14D81EC25179003418AE /* Build configuration list for PBXNativeTarget "Permanent Data Storage" */;
			buildPhases = (
				A03C14B71EC25179003418AE /* Sources */,
				A03C14B81EC25179003418AE /* Frameworks */,
				A03C14B91EC25179003418AE /* Resources */,
			);
			buildRules = (
			);
			dependencies = (
			);
			name = "Permanent Data Storage";
			productName = "Permanent Data Storage";
			productReference = A03C14BB1EC25179003418AE /* Permanent Data Storage.app */;
			productType = "com.apple.product-type.application";
		};
		A03C14CE1EC25179003418AE /* Permanent Data StorageTests */ = {
			isa = PBXNativeTarget;
			buildConfigurationList = A03C14DB1EC25179003418AE /* Build configuration list for PBXNativeTarget "Permanent Data StorageTests" */;
			buildPhases = (
				A03C14CB1EC25179003418AE /* Sources */,
				A03C14CC1EC25179003418AE /* Frameworks */,
				A03C14CD1EC25179003418AE /* Resources */,
			);
			buildRules = (
			);
			dependencies = (
				A03C14D11EC25179003418AE /* PBXTargetDependency */,
			);
			name = "Permanent Data StorageTests";
			productName = "Permanent Data StorageTests";
			productReference = A03C14CF1EC25179003418AE /* Permanent Data StorageTests.xctest */;
			productType = "com.apple.product-type.bundle.unit-test";
		};
/* End PBXNativeTarget section */

/* Begin PBXProject section */
		A03C14B31EC25179003418AE /* Project object */ = {
			isa = PBXProject;
			attributes = {
				LastSwiftUpdateCheck = 0830;
				LastUpgradeCheck = 0830;
				ORGANIZATIONNAME = "Syngenta GenEx";
				TargetAttributes = {
					A03C14BA1EC25179003418AE = {
						CreatedOnToolsVersion = 8.3.2;
						ProvisioningStyle = Automatic;
					};
					A03C14CE1EC25179003418AE = {
						CreatedOnToolsVersion = 8.3.2;
						ProvisioningStyle = Automatic;
						TestTargetID = A03C14BA1EC25179003418AE;
					};
				};
			};
			buildConfigurationList = A03C14B61EC25179003418AE /* Build configuration list for PBXProject "Permanent Data Storage" */;
			compatibilityVersion = "Xcode 3.2";
			developmentRegion = English;
			hasScannedForEncodings = 0;
			knownRegions = (
				en,
				Base,
			);
			mainGroup = A03C14B21EC25179003418AE;
			productRefGroup = A03C14BC1EC25179003418AE /* Products */;
			projectDirPath = "";
			projectRoot = "";
			targets = (
				A03C14BA1EC25179003418AE /* Permanent Data Storage */,
				A03C14CE1EC25179003418AE /* Permanent Data StorageTests */,
			);
		};
/* End PBXProject section */

/* Begin PBXResourcesBuildPhase section */
		A03C14B91EC25179003418AE /* Resources */ = {
			isa = PBXResourcesBuildPhase;
			buildActionMask = 2147483647;
			files = (
				A03C14C91EC25179003418AE /* LaunchScreen.storyboard in Resources */,
				A03C14C61EC25179003418AE /* Assets.xcassets in Resources */,
				A03C14C41EC25179003418AE /* Main.storyboard in Resources */,
			);
			runOnlyForDeploymentPostprocessing = 0;
		};
		A03C14CD1EC25179003418AE /* Resources */ = {
			isa = PBXResourcesBuildPhase;
			buildActionMask = 2147483647;
			files = (
			);
			runOnlyForDeploymentPostprocessing = 0;
		};
/* End PBXResourcesBuildPhase section */

/* Begin PBXSourcesBuildPhase section */
		A03C14B71EC25179003418AE /* Sources */ = {
			isa = PBXSourcesBuildPhase;
			buildActionMask = 2147483647;
			files = (
				A03C14C11EC25179003418AE /* ViewController.swift in Sources */,
				A03C14BF1EC25179003418AE /* AppDelegate.swift in Sources */,
			);
			runOnlyForDeploymentPostprocessing = 0;
		};
		A03C14CB1EC25179003418AE /* Sources */ = {
			isa = PBXSourcesBuildPhase;
			buildActionMask = 2147483647;
			files = (
				A03C14D41EC25179003418AE /* Permanent_Data_StorageTests.swift in Sources */,
			);
			runOnlyForDeploymentPostprocessing = 0;
		};
/* End PBXSourcesBuildPhase section */

/* Begin PBXTargetDependency section */
		A03C14D11EC25179003418AE /* PBXTargetDependency */ = {
			isa = PBXTargetDependency;
			target = A03C14BA1EC25179003418AE /* Permanent Data Storage */;
			targetProxy = A03C14D01EC25179003418AE /* PBXContainerItemProxy */;
		};
/* End PBXTargetDependency section */

/* Begin PBXVariantGroup section */
		A03C14C21EC25179003418AE /* Main.storyboard */ = {
			isa = PBXVariantGroup;
			children = (
				A03C14C31EC25179003418AE /* Base */,
			);
			name = Main.storyboard;
			sourceTree = "<group>";
		};
		A03C14C71EC25179003418AE /* LaunchScreen.storyboard */ = {
			isa = PBXVariantGroup;
			children = (
				A03C14C81EC25179003418AE /* Base */,
			);
			name = LaunchScreen.storyboard;
			sourceTree = "<group>";
		};
/* End PBXVariantGroup section */

/* Begin XCBuildConfiguration section */
		A03C14D61EC25179003418AE /* Debug */ = {
			isa = XCBuildConfiguration;
			buildSettings = {
				ALWAYS_SEARCH_USER_PATHS = NO;
				CLANG_ANALYZER_NONNULL = YES;
				CLANG_ANALYZER_NUMBER_OBJECT_CONVERSION = YES_AGGRESSIVE;
				CLANG_CXX_LANGUAGE_STANDARD = "gnu++0x";
				CLANG_CXX_LIBRARY = "libc++";
				CLANG_ENABLE_MODULES = YES;
				CLANG_ENABLE_OBJC_ARC = YES;
				CLANG_WARN_BOOL_CONVERSION = YES;
				CLANG_WARN_CONSTANT_CONVERSION = YES;
				CLANG_WARN_DIRECT_OBJC_ISA_USAGE = YES_ERROR;
				CLANG_WARN_DOCUMENTATION_COMMENTS = YES;
				CLANG_WARN_EMPTY_BODY = YES;
				CLANG_WARN_ENUM_CONVERSION = YES;
				CLANG_WARN_INFINITE_RECURSION = YES;
				CLANG_WARN_INT_CONVERSION = YES;
				CLANG_WARN_OBJC_ROOT_CLASS = YES_ERROR;
				CLANG_WARN_SUSPICIOUS_MOVE = YES;
				CLANG_WARN_UNREACHABLE_CODE = YES;
				CLANG_WARN__DUPLICATE_METHOD_MATCH = YES;
				"CODE_SIGN_IDENTITY[sdk=iphoneos*]" = "iPhone Developer";
				COPY_PHASE_STRIP = NO;
				DEBUG_INFORMATION_FORMAT = dwarf;
				ENABLE_STRICT_OBJC_MSGSEND = YES;
				ENABLE_TESTABILITY = YES;
				GCC_C_LANGUAGE_STANDARD = gnu99;
				GCC_DYNAMIC_NO_PIC = NO;
				GCC_NO_COMMON_BLOCKS = YES;
				GCC_OPTIMIZATION_LEVEL = 0;
				GCC_PREPROCESSOR_DEFINITIONS = (
					"DEBUG=1",
					"$(inherited)",
				);
				GCC_WARN_64_TO_32_BIT_CONVERSION = YES;
				GCC_WARN_ABOUT_RETURN_TYPE = YES_ERROR;
				GCC_WARN_UNDECLARED_SELECTOR = YES;
				GCC_WARN_UNINITIALIZED_AUTOS = YES_AGGRESSIVE;
				GCC_WARN_UNUSED_FUNCTION = YES;
				GCC_WARN_UNUSED_VARIABLE = YES;
				IPHONEOS_DEPLOYMENT_TARGET = 10.3;
				MTL_ENABLE_DEBUG_INFO = YES;
				ONLY_ACTIVE_ARCH = YES;
				SDKROOT = iphoneos;
				SWIFT_ACTIVE_COMPILATION_CONDITIONS = DEBUG;
				SWIFT_OPTIMIZATION_LEVEL = "-Onone";
				TARGETED_DEVICE_FAMILY = "1,2";
			};
			name = Debug;
		};
		A03C14D71EC25179003418AE /* Release */ = {
			isa = XCBuildConfiguration;
			buildSettings = {
				ALWAYS_SEARCH_USER_PATHS = NO;
				CLANG_ANALYZER_NONNULL = YES;
				CLANG_ANALYZER_NUMBER_OBJECT_CONVERSION = YES_AGGRESSIVE;
				CLANG_CXX_LANGUAGE_STANDARD = "gnu++0x";
				CLANG_CXX_LIBRARY = "libc++";
				CLANG_ENABLE_MODULES = YES;
				CLANG_ENABLE_OBJC_ARC = YES;
				CLANG_WARN_BOOL_CONVERSION = YES;
				CLANG_WARN_CONSTANT_CONVERSION = YES;
				CLANG_WARN_DIRECT_OBJC_ISA_USAGE = YES_ERROR;
				CLANG_WARN_DOCUMENTATION_COMMENTS = YES;
				CLANG_WARN_EMPTY_BODY = YES;
				CLANG_WARN_ENUM_CONVERSION = YES;
				CLANG_WARN_INFINITE_RECURSION = YES;
				CLANG_WARN_INT_CONVERSION = YES;
				CLANG_WARN_OBJC_ROOT_CLASS = YES_ERROR;
				CLANG_WARN_SUSPICIOUS_MOVE = YES;
				CLANG_WARN_UNREACHABLE_CODE = YES;
				CLANG_WARN__DUPLICATE_METHOD_MATCH = YES;
				"CODE_SIGN_IDENTITY[sdk=iphoneos*]" = "iPhone Developer";
				COPY_PHASE_STRIP = NO;
				DEBUG_INFORMATION_FORMAT = "dwarf-with-dsym";
				ENABLE_NS_ASSERTIONS = NO;
				ENABLE_STRICT_OBJC_MSGSEND = YES;
				GCC_C_LANGUAGE_STANDARD = gnu99;
				GCC_NO_COMMON_BLOCKS = YES;
				GCC_WARN_64_TO_32_BIT_CONVERSION = YES;
				GCC_WARN_ABOUT_RETURN_TYPE = YES_ERROR;
				GCC_WARN_UNDECLARED_SELECTOR = YES;
				GCC_WARN_UNINITIALIZED_AUTOS = YES_AGGRESSIVE;
				GCC_WARN_UNUSED_FUNCTION = YES;
				GCC_WARN_UNUSED_VARIABLE = YES;
				IPHONEOS_DEPLOYMENT_TARGET = 10.3;
				MTL_ENABLE_DEBUG_INFO = NO;
				SDKROOT = iphoneos;
				SWIFT_OPTIMIZATION_LEVEL = "-Owholemodule";
				TARGETED_DEVICE_FAMILY = "1,2";
				VALIDATE_PRODUCT = YES;
			};
			name = Release;
		};
		A03C14D91EC25179003418AE /* Debug */ = {
			isa = XCBuildConfiguration;
			buildSettings = {
				ASSETCATALOG_COMPILER_APPICON_NAME = AppIcon;
				INFOPLIST_FILE = "Permanent Data Storage/Info.plist";
				LD_RUNPATH_SEARCH_PATHS = "$(inherited) @executable_path/Frameworks";
				PRODUCT_BUNDLE_IDENTIFIER = "com.SyngentaGenEx.Permanent-Data-Storage";
				PRODUCT_NAME = "$(TARGET_NAME)";
				SWIFT_VERSION = 3.0;
			};
			name = Debug;
		};
		A03C14DA1EC25179003418AE /* Release */ = {
			isa = XCBuildConfiguration;
			buildSettings = {
				ASSETCATALOG_COMPILER_APPICON_NAME = AppIcon;
				INFOPLIST_FILE = "Permanent Data Storage/Info.plist";
				LD_RUNPATH_SEARCH_PATHS = "$(inherited) @executable_path/Frameworks";
				PRODUCT_BUNDLE_IDENTIFIER = "com.SyngentaGenEx.Permanent-Data-Storage";
				PRODUCT_NAME = "$(TARGET_NAME)";
				SWIFT_VERSION = 3.0;
			};
			name = Release;
		};
		A03C14DC1EC25179003418AE /* Debug */ = {
			isa = XCBuildConfiguration;
			buildSettings = {
				ALWAYS_EMBED_SWIFT_STANDARD_LIBRARIES = YES;
				BUNDLE_LOADER = "$(TEST_HOST)";
				INFOPLIST_FILE = "Permanent Data StorageTests/Info.plist";
				LD_RUNPATH_SEARCH_PATHS = "$(inherited) @executable_path/Frameworks @loader_path/Frameworks";
				PRODUCT_BUNDLE_IDENTIFIER = "com.SyngentaGenEx.Permanent-Data-StorageTests";
				PRODUCT_NAME = "$(TARGET_NAME)";
				SWIFT_VERSION = 3.0;
				TEST_HOST = "$(BUILT_PRODUCTS_DIR)/Permanent Data Storage.app/Permanent Data Storage";
			};
			name = Debug;
		};
		A03C14DD1EC25179003418AE /* Release */ = {
			isa = XCBuildConfiguration;
			buildSettings = {
				ALWAYS_EMBED_SWIFT_STANDARD_LIBRARIES = YES;
				BUNDLE_LOADER = "$(TEST_HOST)";
				INFOPLIST_FILE = "Permanent Data StorageTests/Info.plist";
				LD_RUNPATH_SEARCH_PATHS = "$(inherited) @executable_path/Frameworks @loader_path/Frameworks";
				PRODUCT_BUNDLE_IDENTIFIER = "com.SyngentaGenEx.Permanent-Data-StorageTests";
				PRODUCT_NAME = "$(TARGET_NAME)";
				SWIFT_VERSION = 3.0;
				TEST_HOST = "$(BUILT_PRODUCTS_DIR)/Permanent Data Storage.app/Permanent Data Storage";
			};
			name = Release;
		};
/* End XCBuildConfiguration section */

/* Begin XCConfigurationList section */
		A03C14B61EC25179003418AE /* Build configuration list for PBXProject "Permanent Data Storage" */ = {
			isa = XCConfigurationList;
			buildConfigurations = (
				A03C14D61EC25179003418AE /* Debug */,
				A03C14D71EC25179003418AE /* Release */,
			);
			defaultConfigurationIsVisible = 0;
			defaultConfigurationName = Release;
		};
		A03C14D81EC25179003418AE /* Build configuration list for PBXNativeTarget "Permanent Data Storage" */ = {
			isa = XCConfigurationList;
			buildConfigurations = (
				A03C14D91EC25179003418AE /* Debug */,
				A03C14DA1EC25179003418AE /* Release */,
			);
			defaultConfigurationIsVisible = 0;
		};
		A03C14DB1EC25179003418AE /* Build configuration list for PBXNativeTarget "Permanent Data StorageTests" */ = {
			isa = XCConfigurationList;
			buildConfigurations = (
				A03C14DC1EC25179003418AE /* Debug */,
				A03C14DD1EC25179003418AE /* Release */,
			);
			defaultConfigurationIsVisible = 0;
		};
/* End XCConfigurationList section */
	};
	rootObject = A03C14B31EC25179003418AE /* Project object */;
}
